{
  "lockfileVersion": 1,
  "configVersion": 1,
  "workspaces": {
    "": {
      "name": "eth-logs-downloader",
      "dependencies": {
        "@clickhouse/client": "^1.10.1",
        "@elysiajs/openapi": "^1.4.14",
        "@envio-dev/hypersync-client": "^1.1.0",
        "elysia": "^1.4.27",
        "elysia-logger": "^0.5.2",
        "elysia-rate-limit": "^4.5.0",
        "pino": "^10.3.1",
      },
      "devDependencies": {
        "@biomejs/biome": "^2.4.6",
        "@types/bun": "latest",
        "@typescript/native-preview": "^7.0.0-dev.20260306.1",
        "lefthook": "^2.1.2",
      },
    },
  },
  "packages": {
    "@alloc/quick-lru": ["@alloc/quick-lru@5.2.0", "", {}, "sha512-UrcABB+4bUrFABwbluTIBErXwvbsU/V7TZWfmbgJfbkwiBuziS9gxdODUyuiecfdGQ85jglMW6juS3+z5TsKLw=="],

    "@biomejs/biome": ["@biomejs/biome@2.4.6", "", { "optionalDependencies": { "@biomejs/cli-darwin-arm64": "2.4.6", "@biomejs/cli-darwin-x64": "2.4.6", "@biomejs/cli-linux-arm64": "2.4.6", "@biomejs/cli-linux-arm64-musl": "2.4.6", "@biomejs/cli-linux-x64": "2.4.6", "@biomejs/cli-linux-x64-musl": "2.4.6", "@biomejs/cli-win32-arm64": "2.4.6", "@biomejs/cli-win32-x64": "2.4.6" }, "bin": { "biome": "bin/biome" } }, "sha512-QnHe81PMslpy3mnpL8DnO2M4S4ZnYPkjlGCLWBZT/3R9M6b5daArWMMtEfP52/n174RKnwRIf3oT8+wc9ihSfQ=="],

    "@biomejs/cli-darwin-arm64": ["@biomejs/cli-darwin-arm64@2.4.6", "", { "os": "darwin", "cpu": "arm64" }, "sha512-NW18GSyxr+8sJIqgoGwVp5Zqm4SALH4b4gftIA0n62PTuBs6G2tHlwNAOj0Vq0KKSs7Sf88VjjmHh0O36EnzrQ=="],

    "@biomejs/cli-darwin-x64": ["@biomejs/cli-darwin-x64@2.4.6", "", { "os": "darwin", "cpu": "x64" }, "sha512-4uiE/9tuI7cnjtY9b07RgS7gGyYOAfIAGeVJWEfeCnAarOAS7qVmuRyX6d7JTKw28/mt+rUzMasYeZ+0R/U1Mw=="],

    "@biomejs/cli-linux-arm64": ["@biomejs/cli-linux-arm64@2.4.6", "", { "os": "linux", "cpu": "arm64" }, "sha512-kMLaI7OF5GN1Q8Doymjro1P8rVEoy7BKQALNz6fiR8IC1WKduoNyteBtJlHT7ASIL0Cx2jR6VUOBIbcB1B8pew=="],

    "@biomejs/cli-linux-arm64-musl": ["@biomejs/cli-linux-arm64-musl@2.4.6", "", { "os": "linux", "cpu": "arm64" }, "sha512-F/JdB7eN22txiTqHM5KhIVt0jVkzZwVYrdTR1O3Y4auBOQcXxHK4dxULf4z43QyZI5tsnQJrRBHZy7wwtL+B3A=="],

    "@biomejs/cli-linux-x64": ["@biomejs/cli-linux-x64@2.4.6", "", { "os": "linux", "cpu": "x64" }, "sha512-oHXmUFEoH8Lql1xfc3QkFLiC1hGR7qedv5eKNlC185or+o4/4HiaU7vYODAH3peRCfsuLr1g6v2fK9dFFOYdyw=="],

    "@biomejs/cli-linux-x64-musl": ["@biomejs/cli-linux-x64-musl@2.4.6", "", { "os": "linux", "cpu": "x64" }, "sha512-C9s98IPDu7DYarjlZNuzJKTjVHN03RUnmHV5htvqsx6vEUXCDSJ59DNwjKVD5XYoSS4N+BYhq3RTBAL8X6svEg=="],

    "@biomejs/cli-win32-arm64": ["@biomejs/cli-win32-arm64@2.4.6", "", { "os": "win32", "cpu": "arm64" }, "sha512-xzThn87Pf3YrOGTEODFGONmqXpTwUNxovQb72iaUOdcw8sBSY3+3WD8Hm9IhMYLnPi0n32s3L3NWU6+eSjfqFg=="],

    "@biomejs/cli-win32-x64": ["@biomejs/cli-win32-x64@2.4.6", "", { "os": "win32", "cpu": "x64" }, "sha512-7++XhnsPlr1HDbor5amovPjOH6vsrFOCdp93iKXhFn6bcMUI6soodj3WWKfgEO6JosKU1W5n3uky3WW9RlRjTg=="],

    "@borewit/text-codec": ["@borewit/text-codec@0.2.1", "", {}, "sha512-k7vvKPbf7J2fZ5klGRD9AeKfUvojuZIQ3BT5u7Jfv+puwXkUBUT5PVyMDfJZpy30CBDXGMgw7fguK/lpOMBvgw=="],

    "@clickhouse/client": ["@clickhouse/client@1.18.1", "", { "dependencies": { "@clickhouse/client-common": "1.18.1" } }, "sha512-fO4QggCOSr0WBS9oGIFa83FUhbweP8VTFGOXF51DJQbR/oEXegdocNSma3Gp6F4Km9A1Xm1ZAhwrldtg3prPiQ=="],

    "@clickhouse/client-common": ["@clickhouse/client-common@1.18.1", "", {}, "sha512-kDk8miGZVDAzqFrBZRmD9rD82Li8gwaGlJ5MNUpWgxx1OUXRBUkcV6ULysWP1C9Jinb3yle3YLz/XbNOPVgVtQ=="],

    "@elysiajs/openapi": ["@elysiajs/openapi@1.4.14", "", { "peerDependencies": { "elysia": ">= 1.4.0" } }, "sha512-kWmJWdvP8/LwHwAJXSpz6xFfYUoyUyEPRimEYABuDU1rOnS27Da1u9T2jyU7frOopxKWV/wDfDxMP8z2xdCPJw=="],

    "@envio-dev/hypersync-client": ["@envio-dev/hypersync-client@1.1.0", "", { "optionalDependencies": { "@envio-dev/hypersync-client-darwin-arm64": "1.1.0", "@envio-dev/hypersync-client-darwin-x64": "1.1.0", "@envio-dev/hypersync-client-linux-arm64-gnu": "1.1.0", "@envio-dev/hypersync-client-linux-x64-gnu": "1.1.0", "@envio-dev/hypersync-client-linux-x64-musl": "1.1.0" } }, "sha512-tTCW/fvYPFYIcL6SLcWd5Fe6uPCcXQbLgZaYL3NSvkhvrpw5VSx3M2QbHdpIrhmzoDkZdpIYyFD+pdZhC6Y75g=="],

    "@envio-dev/hypersync-client-darwin-arm64": ["@envio-dev/hypersync-client-darwin-arm64@1.1.0", "", { "os": "darwin", "cpu": "arm64" }, "sha512-WO/yxYiN9nz7pHw7xLs/4hnEHQM5OVcTwvtxZTZHox7It3n7aeBzsJfrGYYqYW1bPxDwSYwb6x9l0/fQc59xeA=="],

    "@envio-dev/hypersync-client-darwin-x64": ["@envio-dev/hypersync-client-darwin-x64@1.1.0", "", { "os": "darwin", "cpu": "x64" }, "sha512-BOD4gaZ6NAyLDDVgfIhpD25ikjEQpTXNBqbIYuTjWS1D0NiQD5mmyZCFcSMmaJJ0j4iobBQV1LMiNX8nDLahPA=="],

    "@envio-dev/hypersync-client-linux-arm64-gnu": ["@envio-dev/hypersync-client-linux-arm64-gnu@1.1.0", "", { "os": "linux", "cpu": "arm64" }, "sha512-TDRpAGbfuI4u83Swy50IkGZSMaWXZw/SNC8BiMqLBmYVt1GqFDB1VGrkecf4AhQBPlQk8iDTOxxIKNuOCsY//A=="],

    "@envio-dev/hypersync-client-linux-x64-gnu": ["@envio-dev/hypersync-client-linux-x64-gnu@1.1.0", "", { "os": "linux", "cpu": "x64" }, "sha512-ooOdLfrhq8W3J76pcJDWuXIpu9cTBjZR86XkkHaheDNkYQlBZ7h5oG3IhNTLnooFkih+6+9dfcfOdG4NMmylGA=="],

    "@envio-dev/hypersync-client-linux-x64-musl": ["@envio-dev/hypersync-client-linux-x64-musl@1.1.0", "", { "os": "linux", "cpu": "x64" }, "sha512-WS717WyRyTZPRMfYmscRslRIhxWNKzdQR3SLugqQs0z1W7wo58WMufhr5EpzID5/GR10zexz+Y3a4HWMAGiu+Q=="],

    "@pinojs/redact": ["@pinojs/redact@0.4.0", "", {}, "sha512-k2ENnmBugE/rzQfEcdWHcCY+/FM3VLzH9cYEsbdsoqrvzAKRhUZeRNhAZvB8OitQJ1TBed3yqWtdjzS6wJKBwg=="],

    "@sinclair/typebox": ["@sinclair/typebox@0.34.48", "", {}, "sha512-kKJTNuK3AQOrgjjotVxMrCn1sUJwM76wMszfq1kdU4uYVJjvEWuFQ6HgvLt4Xz3fSmZlTOxJ/Ie13KnIcWQXFA=="],

    "@tokenizer/inflate": ["@tokenizer/inflate@0.4.1", "", { "dependencies": { "debug": "^4.4.3", "token-types": "^6.1.1" } }, "sha512-2mAv+8pkG6GIZiF1kNg1jAjh27IDxEPKwdGul3snfztFerfPGI1LjDezZp3i7BElXompqEtPmoPx6c2wgtWsOA=="],

    "@tokenizer/token": ["@tokenizer/token@0.3.0", "", {}, "sha512-OvjF+z51L3ov0OyAU0duzsYuvO01PH7x4t6DJx+guahgTnBHkhJdG7soQeTSFLWN3efnHyibZ4Z8l2EuWwJN3A=="],

    "@types/bun": ["@types/bun@1.3.10", "", { "dependencies": { "bun-types": "1.3.10" } }, "sha512-0+rlrUrOrTSskibryHbvQkDOWRJwJZqZlxrUs1u4oOoTln8+WIXBPmAuCF35SWB2z4Zl3E84Nl/D0P7803nigQ=="],

    "@types/node": ["@types/node@25.3.5", "", { "dependencies": { "undici-types": "~7.18.0" } }, "sha512-oX8xrhvpiyRCQkG1MFchB09f+cXftgIXb3a7UUa4Y3wpmZPw5tyZGTLWhlESOLq1Rq6oDlc8npVU2/9xiCuXMA=="],

    "@typescript/native-preview": ["@typescript/native-preview@7.0.0-dev.20260306.1", "", { "optionalDependencies": { "@typescript/native-preview-darwin-arm64": "7.0.0-dev.20260306.1", "@typescript/native-preview-darwin-x64": "7.0.0-dev.20260306.1", "@typescript/native-preview-linux-arm": "7.0.0-dev.20260306.1", "@typescript/native-preview-linux-arm64": "7.0.0-dev.20260306.1", "@typescript/native-preview-linux-x64": "7.0.0-dev.20260306.1", "@typescript/native-preview-win32-arm64": "7.0.0-dev.20260306.1", "@typescript/native-preview-win32-x64": "7.0.0-dev.20260306.1" }, "bin": { "tsgo": "bin/tsgo.js" } }, "sha512-4m7cOjtKu+iLazWW5MuJuI2ZZMkQkS42+GxN6FVdja1nL0t47l1wpaTnzUa1Ny9Xa0opIJ7psPAMBKYAPKbCKA=="],

    "@typescript/native-preview-darwin-arm64": ["@typescript/native-preview-darwin-arm64@7.0.0-dev.20260306.1", "", { "os": "darwin", "cpu": "arm64" }, "sha512-4vuh4VlPydMS/nymDzjJIKDk3dntnEEB5UzyJV9mM4kxF5+geFgJih1DTtZS3qVafhHLB3e4l8omtvGftMnb8g=="],

    "@typescript/native-preview-darwin-x64": ["@typescript/native-preview-darwin-x64@7.0.0-dev.20260306.1", "", { "os": "darwin", "cpu": "x64" }, "sha512-qxYfv0aM4KCZPEe584KIjT5sO4uR+xdyuQXX5tXbnH1UoksIz7bvJ9KUgRloS/q/ww0f8UjPS2+27LnRA4y7ig=="],

    "@typescript/native-preview-linux-arm": ["@typescript/native-preview-linux-arm@7.0.0-dev.20260306.1", "", { "os": "linux", "cpu": "arm" }, "sha512-8gRAFx0ExDWHOmphl8mzBrSoGWnLWDU4VpxkPRsWqaJpHVbjr9Yk2QkuJNIaDmF6q44eJmW/huSiObmHTbZ1UQ=="],

    "@typescript/native-preview-linux-arm64": ["@typescript/native-preview-linux-arm64@7.0.0-dev.20260306.1", "", { "os": "linux", "cpu": "arm64" }, "sha512-8G0BKvTkE+eKX1tSnyKeDaf3bWPWY7OI77SMipagCAyYi06v4gxx+IVE3Px7W7kLX2Wqp1MjWDXu2N76wfJtXQ=="],

    "@typescript/native-preview-linux-x64": ["@typescript/native-preview-linux-x64@7.0.0-dev.20260306.1", "", { "os": "linux", "cpu": "x64" }, "sha512-rsJV3Z9J/zYCEtcqvm+WfLAml3i1OAyMEUn0hja7i8C0kzE+tXKXzsJ0+I1TrSU5O7hHvqlLTvueBoCoM4aL4g=="],

    "@typescript/native-preview-win32-arm64": ["@typescript/native-preview-win32-arm64@7.0.0-dev.20260306.1", "", { "os": "win32", "cpu": "arm64" }, "sha512-US1WsIu9IukaFzM+w8wt0fIAkmk2WtxeVuk8nkbrnH9S3ax39r0J4ikMNZSXEJE0VMxhXJoymzfWxhj3s9yW/Q=="],

    "@typescript/native-preview-win32-x64": ["@typescript/native-preview-win32-x64@7.0.0-dev.20260306.1", "", { "os": "win32", "cpu": "x64" }, "sha512-MlneT0RWS9Zdb8XoWvHsUgmnMJu6K3S0BXRu5ZgUYjcbQKlkz+Z87aUB8eX8qnDFd9csJcMp3+ZrgQ/LKVGP1g=="],

    "atomic-sleep": ["atomic-sleep@1.0.0", "", {}, "sha512-kNOjDqAh7px0XWNI+4QbzoiR/nTkHAWNud2uvnJquD1/x5a7EQZMJT0AczqK0Qn67oY/TTQ1LbUKajZpp3I9tQ=="],

    "bun-types": ["bun-types@1.3.10", "", { "dependencies": { "@types/node": "*" } }, "sha512-tcpfCCl6XWo6nCVnpcVrxQ+9AYN1iqMIzgrSKYMB/fjLtV2eyAVEg7AxQJuCq/26R6HpKWykQXuSOq/21RYcbg=="],

    "cookie": ["cookie@1.1.1", "", {}, "sha512-ei8Aos7ja0weRpFzJnEA9UHJ/7XQmqglbRwnf2ATjcB9Wq874VKH9kfjjirM6UhU2/E5fFYadylyhFldcqSidQ=="],

    "debug": ["debug@4.3.4", "", { "dependencies": { "ms": "2.1.2" } }, "sha512-PRWFHuSU3eDtQJPvnNY7Jcket1j0t5OuOsFzPPzsekD52Zl8qUfFIPEiswXqIvHWGVHOgX+7G/vCNNhehwxfkQ=="],

    "elysia": ["elysia@1.4.27", "", { "dependencies": { "cookie": "^1.1.1", "exact-mirror": "^0.2.7", "fast-decode-uri-component": "^1.0.1", "memoirist": "^0.4.0" }, "peerDependencies": { "@sinclair/typebox": ">= 0.34.0 < 1", "@types/bun": ">= 1.2.0", "file-type": ">= 20.0.0", "openapi-types": ">= 12.0.0", "typescript": ">= 5.0.0" }, "optionalPeers": ["@types/bun", "typescript"] }, "sha512-2UlmNEjPJVA/WZVPYKy+KdsrfFwwNlqSBW1lHz6i2AHc75k7gV4Rhm01kFeotH7PDiHIX2G8X3KnRPc33SGVIg=="],

    "elysia-logger": ["elysia-logger@0.5.2", "", { "dependencies": { "picocolors": "^1.1.1", "pino": "^10.1.0" }, "peerDependencies": { "elysia": ">=1.0.0" } }, "sha512-ZKlp/mv+9HNXqetCIHV4ek6CfzRLAzxae0FRVkJYJigux/w/zl1ZvWmnsA6f+eJmiq0Iply9GKtLi/1ITSFx0A=="],

    "elysia-rate-limit": ["elysia-rate-limit@4.5.0", "", { "dependencies": { "@alloc/quick-lru": "5.2.0", "debug": "4.3.4" }, "peerDependencies": { "elysia": ">= 1.0.0" } }, "sha512-nsbl3WLvrGiG/SdTgevAsjCUJhY34Bgf+7bDOYrjTPZyS7Hd4MLuLc4MUr9TFsSJWPvKpzyrX2HW8IWjRbex1Q=="],

    "exact-mirror": ["exact-mirror@0.2.7", "", { "peerDependencies": { "@sinclair/typebox": "^0.34.15" }, "optionalPeers": ["@sinclair/typebox"] }, "sha512-+MeEmDcLA4o/vjK2zujgk+1VTxPR4hdp23qLqkWfStbECtAq9gmsvQa3LW6z/0GXZyHJobrCnmy1cdeE7BjsYg=="],

    "fast-decode-uri-component": ["fast-decode-uri-component@1.0.1", "", {}, "sha512-WKgKWg5eUxvRZGwW8FvfbaH7AXSh2cL+3j5fMGzUMCxWBJ3dV3a7Wz8y2f/uQ0e3B6WmodD3oS54jTQ9HVTIIg=="],

    "file-type": ["file-type@21.3.0", "", { "dependencies": { "@tokenizer/inflate": "^0.4.1", "strtok3": "^10.3.4", "token-types": "^6.1.1", "uint8array-extras": "^1.4.0" } }, "sha512-8kPJMIGz1Yt/aPEwOsrR97ZyZaD1Iqm8PClb1nYFclUCkBi0Ma5IsYNQzvSFS9ib51lWyIw5mIT9rWzI/xjpzA=="],

    "ieee754": ["ieee754@1.2.1", "", {}, "sha512-dcyqhDvX1C46lXZcVqCpK+FtMRQVdIMN6/Df5js2zouUsqG7I6sFxitIC+7KYK29KdXOLHdu9zL4sFnoVQnqaA=="],

    "lefthook": ["lefthook@2.1.2", "", { "optionalDependencies": { "lefthook-darwin-arm64": "2.1.2", "lefthook-darwin-x64": "2.1.2", "lefthook-freebsd-arm64": "2.1.2", "lefthook-freebsd-x64": "2.1.2", "lefthook-linux-arm64": "2.1.2", "lefthook-linux-x64": "2.1.2", "lefthook-openbsd-arm64": "2.1.2", "lefthook-openbsd-x64": "2.1.2", "lefthook-windows-arm64": "2.1.2", "lefthook-windows-x64": "2.1.2" }, "bin": { "lefthook": "bin/index.js" } }, "sha512-HdAMl4g47kbWSkrUkCx3Kucq54omFS6piMJtXwXNtmCAfB40UaybTJuYtFW4hNzZ5SvaEimtxTp7P/MNIkEfsA=="],

    "lefthook-darwin-arm64": ["lefthook-darwin-arm64@2.1.2", "", { "os": "darwin", "cpu": "arm64" }, "sha512-AgHu93YuJtj1l9bcKlCbo4Tg8N8xFl9iD6BjXCGaGMu46LSjFiXbJFlkUdpgrL8fIbwoCjJi5FNp3POpqs4Wdw=="],

    "lefthook-darwin-x64": ["lefthook-darwin-x64@2.1.2", "", { "os": "darwin", "cpu": "x64" }, "sha512-exooc9Ectz13OLJJOXM9AzaFQbqzf9QCF8JuVvGfbr4RYABYK+BwwtydjlPQrA76/n/h4tsS11MH5bBULnLkYA=="],

    "lefthook-freebsd-arm64": ["lefthook-freebsd-arm64@2.1.2", "", { "os": "freebsd", "cpu": "arm64" }, "sha512-E1QMlJPEU21n9eewv6ePfh+JmoTSg5R1jaYcKCky10kfbMdohNucI3xV91F2LcerE+p3UejKDqr/1wWO2RMGeQ=="],

    "lefthook-freebsd-x64": ["lefthook-freebsd-x64@2.1.2", "", { "os": "freebsd", "cpu": "x64" }, "sha512-/5zp+x8055Thj46x9S7hgnneZxvWhHQvPWkkgISCab1Lh6eLrbxvhE1qTb1lU3DqTnNmH9NeXdq1xPHc9uGluA=="],

    "lefthook-linux-arm64": ["lefthook-linux-arm64@2.1.2", "", { "os": "linux", "cpu": "arm64" }, "sha512-UK5FvDTkwKO7tOznY8iEZzuTsM1jXMZAG5BMRs7olN1k1K6m2unR6oKABP0hCd0wDErK6DZKDJDJfB564Rzqtw=="],

    "lefthook-linux-x64": ["lefthook-linux-x64@2.1.2", "", { "os": "linux", "cpu": "x64" }, "sha512-4eOtz4PNh8GbJ+nA8YVDfW/eMirQWdZqMP/V/MVtoVBGobf6oXvvuDOySvAPOgNYEFN0Boegytmuji/851Vstg=="],

    "lefthook-openbsd-arm64": ["lefthook-openbsd-arm64@2.1.2", "", { "os": "openbsd", "cpu": "arm64" }, "sha512-lJXRJ6iJIBKwomuNBA3CUNSclj2/rKuxGAQoUra214B92VB6jL9zaY5YEs6h/ie9jQrzSnllEeg7xyDIsuVCrQ=="],

    "lefthook-openbsd-x64": ["lefthook-openbsd-x64@2.1.2", "", { "os": "openbsd", "cpu": "x64" }, "sha512-GyOje4W0DIqkmR7/Of5D+mZ0vWqMvtGAVedtJR6d1239xNeMzCS8Q+/a3O1xigceZa5xhlqq0BWlssB/QYPQnA=="],

    "lefthook-windows-arm64": ["lefthook-windows-arm64@2.1.2", "", { "os": "win32", "cpu": "arm64" }, "sha512-MZKMqTULEpX/8N3fKXAR0A9RjsGKkEEY0japLqrHOIpxsJXry1DRz0FvQo2kkY4WW3rtFegV9m6eesOymuDrUg=="],

    "lefthook-windows-x64": ["lefthook-windows-x64@2.1.2", "", { "os": "win32", "cpu": "x64" }, "sha512-NZUgObuaSxc0EXAwC/CzkMf7TuQc++GGIk6TLPdaUpoSsNSJSZEwBVz5DtFB1cG+eMkfO/wOKplls+yjimTTtQ=="],

    "memoirist": ["memoirist@0.4.0", "", {}, "sha512-zxTgA0mSYELa66DimuNQDvyLq36AwDlTuVRbnQtB+VuTcKWm5Qc4z3WkSpgsFWHNhexqkIooqpv4hdcqrX5Nmg=="],

    "ms": ["ms@2.1.2", "", {}, "sha512-sGkPx+VjMtmA6MX27oA4FBFELFCZZ4S4XqeGOXCv68tT+jb3vk/RyaKWP0PTKyWtmLSM0b+adUTEvbs1PEaH2w=="],

    "on-exit-leak-free": ["on-exit-leak-free@2.1.2", "", {}, "sha512-0eJJY6hXLGf1udHwfNftBqH+g73EU4B504nZeKpz1sYRKafAghwxEJunB2O7rDZkL4PGfsMVnTXZ2EjibbqcsA=="],

    "openapi-types": ["openapi-types@12.1.3", "", {}, "sha512-N4YtSYJqghVu4iek2ZUvcN/0aqH1kRDuNqzcycDxhOUpg7GdvLa2F3DgS6yBNhInhv2r/6I0Flkn7CqL8+nIcw=="],

    "picocolors": ["picocolors@1.1.1", "", {}, "sha512-xceH2snhtb5M9liqDsmEw56le376mTZkEX/jEb/RxNFyegNul7eNslCXP9FDj/Lcu0X8KEyMceP2ntpaHrDEVA=="],

    "pino": ["pino@10.3.1", "", { "dependencies": { "@pinojs/redact": "^0.4.0", "atomic-sleep": "^1.0.0", "on-exit-leak-free": "^2.1.0", "pino-abstract-transport": "^3.0.0", "pino-std-serializers": "^7.0.0", "process-warning": "^5.0.0", "quick-format-unescaped": "^4.0.3", "real-require": "^0.2.0", "safe-stable-stringify": "^2.3.1", "sonic-boom": "^4.0.1", "thread-stream": "^4.0.0" }, "bin": { "pino": "bin.js" } }, "sha512-r34yH/GlQpKZbU1BvFFqOjhISRo1MNx1tWYsYvmj6KIRHSPMT2+yHOEb1SG6NMvRoHRF0a07kCOox/9yakl1vg=="],

    "pino-abstract-transport": ["pino-abstract-transport@3.0.0", "", { "dependencies": { "split2": "^4.0.0" } }, "sha512-wlfUczU+n7Hy/Ha5j9a/gZNy7We5+cXp8YL+X+PG8S0KXxw7n/JXA3c46Y0zQznIJ83URJiwy7Lh56WLokNuxg=="],

    "pino-std-serializers": ["pino-std-serializers@7.1.0", "", {}, "sha512-BndPH67/JxGExRgiX1dX0w1FvZck5Wa4aal9198SrRhZjH3GxKQUKIBnYJTdj2HDN3UQAS06HlfcSbQj2OHmaw=="],

    "process-warning": ["process-warning@5.0.0", "", {}, "sha512-a39t9ApHNx2L4+HBnQKqxxHNs1r7KF+Intd8Q/g1bUh6q0WIp9voPXJ/x0j+ZL45KF1pJd9+q2jLIRMfvEshkA=="],

    "quick-format-unescaped": ["quick-format-unescaped@4.0.4", "", {}, "sha512-tYC1Q1hgyRuHgloV/YXs2w15unPVh8qfu/qCTfhTYamaw7fyhumKa2yGpdSo87vY32rIclj+4fWYQXUMs9EHvg=="],

    "real-require": ["real-require@0.2.0", "", {}, "sha512-57frrGM/OCTLqLOAh0mhVA9VBMHd+9U7Zb2THMGdBUoZVOtGbJzjxsYGDJ3A9AYYCP4hn6y1TVbaOfzWtm5GFg=="],

    "safe-stable-stringify": ["safe-stable-stringify@2.5.0", "", {}, "sha512-b3rppTKm9T+PsVCBEOUR46GWI7fdOs00VKZ1+9c1EWDaDMvjQc6tUwuFyIprgGgTcWoVHSKrU8H31ZHA2e0RHA=="],

    "sonic-boom": ["sonic-boom@4.2.1", "", { "dependencies": { "atomic-sleep": "^1.0.0" } }, "sha512-w6AxtubXa2wTXAUsZMMWERrsIRAdrK0Sc+FUytWvYAhBJLyuI4llrMIC1DtlNSdI99EI86KZum2MMq3EAZlF9Q=="],

    "split2": ["split2@4.2.0", "", {}, "sha512-UcjcJOWknrNkF6PLX83qcHM6KHgVKNkV62Y8a5uYDVv9ydGQVwAHMKqHdJje1VTWpljG0WYpCDhrCdAOYH4TWg=="],

    "strtok3": ["strtok3@10.3.4", "", { "dependencies": { "@tokenizer/token": "^0.3.0" } }, "sha512-KIy5nylvC5le1OdaaoCJ07L+8iQzJHGH6pWDuzS+d07Cu7n1MZ2x26P8ZKIWfbK02+XIL8Mp4RkWeqdUCrDMfg=="],

    "thread-stream": ["thread-stream@4.0.0", "", { "dependencies": { "real-require": "^0.2.0" } }, "sha512-4iMVL6HAINXWf1ZKZjIPcz5wYaOdPhtO8ATvZ+Xqp3BTdaqtAwQkNmKORqcIo5YkQqGXq5cwfswDwMqqQNrpJA=="],

    "token-types": ["token-types@6.1.2", "", { "dependencies": { "@borewit/text-codec": "^0.2.1", "@tokenizer/token": "^0.3.0", "ieee754": "^1.2.1" } }, "sha512-dRXchy+C0IgK8WPC6xvCHFRIWYUbqqdEIKPaKo/AcTUNzwLTK6AH7RjdLWsEZcAN/TBdtfUw3PYEgPr5VPr6ww=="],

    "uint8array-extras": ["uint8array-extras@1.5.0", "", {}, "sha512-rvKSBiC5zqCCiDZ9kAOszZcDvdAHwwIKJG33Ykj43OKcWsnmcBRL09YTU4nOeHZ8Y2a7l1MgTd08SBe9A8Qj6A=="],

    "undici-types": ["undici-types@7.18.2", "", {}, "sha512-AsuCzffGHJybSaRrmr5eHr81mwJU3kjw6M+uprWvCXiNeN9SOGwQ3Jn8jb8m3Z6izVgknn1R0FTCEAP2QrLY/w=="],

    "@tokenizer/inflate/debug": ["debug@4.4.3", "", { "dependencies": { "ms": "^2.1.3" } }, "sha512-RGwwWnwQvkVfavKVt22FGLw+xYSdzARwm0ru6DhTVA3umU5hZc28V3kO4stgYryrTlLpuvgI9GiijltAjNbcqA=="],

    "@tokenizer/inflate/debug/ms": ["ms@2.1.3", "", {}, "sha512-6FlzubTLZG3J2a/NVCAleEhjzq5oxgHyaCU9yYXvcLsvoVaHJq/s5xXI6/XXP6tz7R9xAOtHnSO/tXtF3WRTlA=="],
  }
}
